
Microsoft Visual Studio Solution File, Format Version 12.00
Project("{FAE04EC0-301F-11D3-BF4B-00C04F79EFBC}") = "LLVMSharp.Samples", "LLVMSharp.Samples\LLVMSharp.Samples.csproj", "{344F6DBD-75D8-45B4-865B-3D549EE5D8E7}"
EndProject
Global
	GlobalSection(SolutionConfigurationPlatforms) = preSolution
		Debug|Any CPU = Debug|Any CPU
		Release|Any CPU = Release|Any CPU
	EndGlobalSection
	GlobalSection(ProjectConfigurationPlatforms) = postSolution
		{344F6DBD-75D8-45B4-865B-3D549EE5D8E7}.Debug|Any CPU.ActiveCfg = Debug|Any CPU
		{344F6DBD-75D8-45B4-865B-3D549EE5D8E7}.Debug|Any CPU.Build.0 = Debug|Any CPU
		{344F6DBD-75D8-45B4-865B-3D549EE5D8E7}.Release|Any CPU.ActiveCfg = Release|Any CPU
		{344F6DBD-75D8-45B4-865B-3D549EE5D8E7}.Release|Any CPU.Build.0 = Release|Any CPU
	EndGlobalSection
EndGlobal
